
Microsoft Visual Studio Solution File, Format Version 12.00
# Visual Studio 2013
VisualStudioVersion = 12.0.30501.0
MinimumVisualStudioVersion = 10.0.40219.1
Project("{8BC9CEB8-8B4A-11D0-8D11-00A0C91BC942}") = "ooplab8", "ooplab8\ooplab8.vcxproj", "{AF478690-81FB-4950-A6C5-AA08921F9886}"
EndProject
Global
	GlobalSection(SolutionConfigurationPlatforms) = preSolution
		Debug|Win32 = Debug|Win32
		Release|Win32 = Release|Win32
	EndGlobalSection
	GlobalSection(ProjectConfigurationPlatforms) = postSolution
		{AF478690-81FB-4950-A6C5-AA08921F9886}.Debug|Win32.ActiveCfg = Debug|Win32
		{AF478690-81FB-4950-A6C5-AA08921F9886}.Debug|Win32.Build.0 = Debug|Win32
		{AF478690-81FB-4950-A6C5-AA08921F9886}.Release|Win32.ActiveCfg = Release|Win32
		{AF478690-81FB-4950-A6C5-AA08921F9886}.Release|Win32.Build.0 = Release|Win32
	EndGlobalSection
	GlobalSection(SolutionProperties) = preSolution
		HideSolutionNode = FALSE
	EndGlobalSection
EndGlobal
